
Microsoft Visual Studio Solution File, Format Version 12.00
# Visual Studio Version 17
VisualStudioVersion = 17.10.35013.160
MinimumVisualStudioVersion = 10.0.40219.1
Project("{FAE04EC0-301F-11D3-BF4B-00C04F79EFBC}") = "LanchesMauiBlazor", "LanchesMauiBlazor\LanchesMauiBlazor.csproj", "{5435F24D-634A-416B-A080-CA2020D5F810}"
EndProject
Global
	GlobalSection(SolutionConfigurationPlatforms) = preSolution
		Debug|Any CPU = Debug|Any CPU
		Release|Any CPU = Release|Any CPU
	EndGlobalSection
	GlobalSection(ProjectConfigurationPlatforms) = postSolution
		{5435F24D-634A-416B-A080-CA2020D5F810}.Debug|Any CPU.ActiveCfg = Debug|Any CPU
		{5435F24D-634A-416B-A080-CA2020D5F810}.Debug|Any CPU.Build.0 = Debug|Any CPU
		{5435F24D-634A-416B-A080-CA2020D5F810}.Debug|Any CPU.Deploy.0 = Debug|Any CPU
		{5435F24D-634A-416B-A080-CA2020D5F810}.Release|Any CPU.ActiveCfg = Release|Any CPU
		{5435F24D-634A-416B-A080-CA2020D5F810}.Release|Any CPU.Build.0 = Release|Any CPU
		{5435F24D-634A-416B-A080-CA2020D5F810}.Release|Any CPU.Deploy.0 = Release|Any CPU
	EndGlobalSection
	GlobalSection(SolutionProperties) = preSolution
		HideSolutionNode = FALSE
	EndGlobalSection
	GlobalSection(ExtensibilityGlobals) = postSolution
		SolutionGuid = {8784B104-E12F-4014-88B8-A2ADBC9E1A7C}
	EndGlobalSection
EndGlobal
